
Microsoft Visual Studio Solution File, Format Version 12.00
# Visual Studio Version 17
VisualStudioVersion = 17.7.34024.191
MinimumVisualStudioVersion = 10.0.40219.1
Project("{FAE04EC0-301F-11D3-BF4B-00C04F79EFBC}") = "MonoGameInterestingMove", "MonoGameInterestingMove.csproj", "{5EA3E6CA-C8C1-4388-8154-A4A2FFEEF44E}"
EndProject
Global
	GlobalSection(SolutionConfigurationPlatforms) = preSolution
		Debug|Any CPU = Debug|Any CPU
		Release|Any CPU = Release|Any CPU
	EndGlobalSection
	GlobalSection(ProjectConfigurationPlatforms) = postSolution
		{5EA3E6CA-C8C1-4388-8154-A4A2FFEEF44E}.Debug|Any CPU.ActiveCfg = Debug|Any CPU
		{5EA3E6CA-C8C1-4388-8154-A4A2FFEEF44E}.Debug|Any CPU.Build.0 = Debug|Any CPU
		{5EA3E6CA-C8C1-4388-8154-A4A2FFEEF44E}.Release|Any CPU.ActiveCfg = Release|Any CPU
		{5EA3E6CA-C8C1-4388-8154-A4A2FFEEF44E}.Release|Any CPU.Build.0 = Release|Any CPU
	EndGlobalSection
	GlobalSection(SolutionProperties) = preSolution
		HideSolutionNode = FALSE
	EndGlobalSection
	GlobalSection(ExtensibilityGlobals) = postSolution
		SolutionGuid = {C7F45E64-A2B4-45F6-9F5C-33A60FAFA5AC}
	EndGlobalSection
EndGlobal
